
Microsoft Visual Studio Solution File, Format Version 12.00
# Visual Studio 15
VisualStudioVersion = 15.0.27703.2000
MinimumVisualStudioVersion = 10.0.40219.1
Project("{DA7A21FA-8162-4350-AD77-A8D1B671F3ED}") = "AzureStor", "AzureStor.rxproj", "{231B9122-4B2D-4AF9-B561-49FD051DFD63}"
EndProject
Global
	GlobalSection(SolutionConfigurationPlatforms) = preSolution
		Debug|Any CPU = Debug|Any CPU
		Release|Any CPU = Release|Any CPU
	EndGlobalSection
	GlobalSection(ProjectConfigurationPlatforms) = postSolution
		{231B9122-4B2D-4AF9-B561-49FD051DFD63}.Debug|Any CPU.ActiveCfg = Debug|Any CPU
		{231B9122-4B2D-4AF9-B561-49FD051DFD63}.Debug|Any CPU.Build.0 = Debug|Any CPU
		{231B9122-4B2D-4AF9-B561-49FD051DFD63}.Release|Any CPU.ActiveCfg = Release|Any CPU
		{231B9122-4B2D-4AF9-B561-49FD051DFD63}.Release|Any CPU.Build.0 = Release|Any CPU
	EndGlobalSection
	GlobalSection(SolutionProperties) = preSolution
		HideSolutionNode = FALSE
	EndGlobalSection
	GlobalSection(ExtensibilityGlobals) = postSolution
		SolutionGuid = {743296A9-2864-4B36-99A7-D6B74AC787C5}
	EndGlobalSection
EndGlobal
